
Microsoft Visual Studio Solution File, Format Version 12.00
# Visual Studio Version 17
VisualStudioVersion = 17.2.32630.192
MinimumVisualStudioVersion = 10.0.40219.1
Project("{FAE04EC0-301F-11D3-BF4B-00C04F79EFBC}") = "Demo_Asserts", "Demo_Asserts\Demo_Asserts.csproj", "{53EE8518-6CEF-46FE-BDED-42717F7D6712}"
EndProject
Project("{FAE04EC0-301F-11D3-BF4B-00C04F79EFBC}") = "Demo_Asserts.Tests", "Demo_Asserts.Tests\Demo_Asserts.Tests.csproj", "{11C04E0C-ED02-4F6B-9F53-810E0A51AFD7}"
EndProject
Global
	GlobalSection(SolutionConfigurationPlatforms) = preSolution
		Debug|Any CPU = Debug|Any CPU
		Release|Any CPU = Release|Any CPU
	EndGlobalSection
	GlobalSection(ProjectConfigurationPlatforms) = postSolution
		{53EE8518-6CEF-46FE-BDED-42717F7D6712}.Debug|Any CPU.ActiveCfg = Debug|Any CPU
		{53EE8518-6CEF-46FE-BDED-42717F7D6712}.Debug|Any CPU.Build.0 = Debug|Any CPU
		{53EE8518-6CEF-46FE-BDED-42717F7D6712}.Release|Any CPU.ActiveCfg = Release|Any CPU
		{53EE8518-6CEF-46FE-BDED-42717F7D6712}.Release|Any CPU.Build.0 = Release|Any CPU
		{11C04E0C-ED02-4F6B-9F53-810E0A51AFD7}.Debug|Any CPU.ActiveCfg = Debug|Any CPU
		{11C04E0C-ED02-4F6B-9F53-810E0A51AFD7}.Debug|Any CPU.Build.0 = Debug|Any CPU
		{11C04E0C-ED02-4F6B-9F53-810E0A51AFD7}.Release|Any CPU.ActiveCfg = Release|Any CPU
		{11C04E0C-ED02-4F6B-9F53-810E0A51AFD7}.Release|Any CPU.Build.0 = Release|Any CPU
	EndGlobalSection
	GlobalSection(SolutionProperties) = preSolution
		HideSolutionNode = FALSE
	EndGlobalSection
	GlobalSection(ExtensibilityGlobals) = postSolution
		SolutionGuid = {D0E5BED4-71FC-4073-8D3D-2BD17C971CEC}
	EndGlobalSection
EndGlobal
